
Microsoft Visual Studio Solution File, Format Version 12.00
# Visual Studio Version 16
VisualStudioVersion = 16.0.30611.23
MinimumVisualStudioVersion = 10.0.40219.1
Project("{2150E333-8FDC-42A3-9474-1A3956D46DE8}") = "Domain", "Domain", "{30021486-DA57-4323-AFA4-DD92F1548279}"
EndProject
Project("{FAE04EC0-301F-11D3-BF4B-00C04F79EFBC}") = "PizzaShop.Domain", "src\PizzaShop.Domain\PizzaShop.Domain.csproj", "{C40789CB-EEE2-49DA-8390-74C581BF4EA5}"
EndProject
Project("{2150E333-8FDC-42A3-9474-1A3956D46DE8}") = "Infra", "Infra", "{D7CFA654-4694-4B81-BD85-7B8A4AC96392}"
EndProject
Project("{2150E333-8FDC-42A3-9474-1A3956D46DE8}") = "Data", "Data", "{D163C642-664B-4E87-8CA5-E65859FCFE27}"
EndProject
Project("{2150E333-8FDC-42A3-9474-1A3956D46DE8}") = "CrossCutting", "CrossCutting", "{EA67FAC5-D6C8-43B8-8272-91FB6821F7E5}"
EndProject
Project("{FAE04EC0-301F-11D3-BF4B-00C04F79EFBC}") = "PizzaShop.Infra.Data", "src\PizzaShop.Infra.Data\PizzaShop.Infra.Data.csproj", "{CF86CCD3-102F-4724-82B9-ABEA227D0DBC}"
EndProject
Project("{FAE04EC0-301F-11D3-BF4B-00C04F79EFBC}") = "PizzaShop.Shared", "src\PizzaShop.Shared\PizzaShop.Shared.csproj", "{09A6FD61-6FA3-4444-B4F2-4B0B68FD0F2A}"
EndProject
Global
	GlobalSection(SolutionConfigurationPlatforms) = preSolution
		Debug|Any CPU = Debug|Any CPU
		Release|Any CPU = Release|Any CPU
	EndGlobalSection
	GlobalSection(ProjectConfigurationPlatforms) = postSolution
		{C40789CB-EEE2-49DA-8390-74C581BF4EA5}.Debug|Any CPU.ActiveCfg = Debug|Any CPU
		{C40789CB-EEE2-49DA-8390-74C581BF4EA5}.Debug|Any CPU.Build.0 = Debug|Any CPU
		{C40789CB-EEE2-49DA-8390-74C581BF4EA5}.Release|Any CPU.ActiveCfg = Release|Any CPU
		{C40789CB-EEE2-49DA-8390-74C581BF4EA5}.Release|Any CPU.Build.0 = Release|Any CPU
		{CF86CCD3-102F-4724-82B9-ABEA227D0DBC}.Debug|Any CPU.ActiveCfg = Debug|Any CPU
		{CF86CCD3-102F-4724-82B9-ABEA227D0DBC}.Debug|Any CPU.Build.0 = Debug|Any CPU
		{CF86CCD3-102F-4724-82B9-ABEA227D0DBC}.Release|Any CPU.ActiveCfg = Release|Any CPU
		{CF86CCD3-102F-4724-82B9-ABEA227D0DBC}.Release|Any CPU.Build.0 = Release|Any CPU
		{09A6FD61-6FA3-4444-B4F2-4B0B68FD0F2A}.Debug|Any CPU.ActiveCfg = Debug|Any CPU
		{09A6FD61-6FA3-4444-B4F2-4B0B68FD0F2A}.Debug|Any CPU.Build.0 = Debug|Any CPU
		{09A6FD61-6FA3-4444-B4F2-4B0B68FD0F2A}.Release|Any CPU.ActiveCfg = Release|Any CPU
		{09A6FD61-6FA3-4444-B4F2-4B0B68FD0F2A}.Release|Any CPU.Build.0 = Release|Any CPU
	EndGlobalSection
	GlobalSection(SolutionProperties) = preSolution
		HideSolutionNode = FALSE
	EndGlobalSection
	GlobalSection(NestedProjects) = preSolution
		{C40789CB-EEE2-49DA-8390-74C581BF4EA5} = {30021486-DA57-4323-AFA4-DD92F1548279}
		{D163C642-664B-4E87-8CA5-E65859FCFE27} = {D7CFA654-4694-4B81-BD85-7B8A4AC96392}
		{EA67FAC5-D6C8-43B8-8272-91FB6821F7E5} = {D7CFA654-4694-4B81-BD85-7B8A4AC96392}
		{CF86CCD3-102F-4724-82B9-ABEA227D0DBC} = {D163C642-664B-4E87-8CA5-E65859FCFE27}
		{09A6FD61-6FA3-4444-B4F2-4B0B68FD0F2A} = {EA67FAC5-D6C8-43B8-8272-91FB6821F7E5}
	EndGlobalSection
	GlobalSection(ExtensibilityGlobals) = postSolution
		SolutionGuid = {E4A38EEC-99DD-4D2F-AE05-A954047376B3}
	EndGlobalSection
EndGlobal
